// !$*UTF8*$!
{
	archiveVersion = 1;
	classes = {
	};
	objectVersion = 50;
	objects = {

/* Begin PBXBuildFile section */
		FAB5B59D25E87DAF00D9C886 /* AppDelegate.swift in Sources */ = {isa = PBXBuildFile; fileRef = FAB5B59C25E87DAF00D9C886 /* AppDelegate.swift */; };
		FAB5B59F25E87DAF00D9C886 /* SceneDelegate.swift in Sources */ = {isa = PBXBuildFile; fileRef = FAB5B59E25E87DAF00D9C886 /* SceneDelegate.swift */; };
		FAB5B5A125E87DAF00D9C886 /* ViewController.swift in Sources */ = {isa = PBXBuildFile; fileRef = FAB5B5A025E87DAF00D9C886 /* ViewController.swift */; };
		FAB5B5A425E87DAF00D9C886 /* Main.storyboard in Resources */ = {isa = PBXBuildFile; fileRef = FAB5B5A225E87DAF00D9C886 /* Main.storyboard */; };
		FAB5B5A625E87DB300D9C886 /* Assets.xcassets in Resources */ = {isa = PBXBuildFile; fileRef = FAB5B5A525E87DB300D9C886 /* Assets.xcassets */; };
		FAB5B5A925E87DB300D9C886 /* LaunchScreen.storyboard in Resources */ = {isa = PBXBuildFile; fileRef = FAB5B5A725E87DB300D9C886 /* LaunchScreen.storyboard */; };
		FAB5B5B225E895B600D9C886 /* Capital.swift in Sources */ = {isa = PBXBuildFile; fileRef = FAB5B5B125E895B600D9C886 /* Capital.swift */; };
/* End PBXBuildFile section */

/* Begin PBXFileReference section */
		FAB5B59925E87DAF00D9C886 /* Project 16.app */ = {isa = PBXFileReference; explicitFileType = wrapper.application; includeInIndex = 0; path = "Project 16.app"; sourceTree = BUILT_PRODUCTS_DIR; };
		FAB5B59C25E87DAF00D9C886 /* AppDelegate.swift */ = {isa = PBXFileReference; lastKnownFileType = sourcecode.swift; path = AppDelegate.swift; sourceTree = "<group>"; };
		FAB5B59E25E87DAF00D9C886 /* SceneDelegate.swift */ = {isa = PBXFileReference; lastKnownFileType = sourcecode.swift; path = SceneDelegate.swift; sourceTree = "<group>"; };
		FAB5B5A025E87DAF00D9C886 /* ViewController.swift */ = {isa = PBXFileReference; lastKnownFileType = sourcecode.swift; path = ViewController.swift; sourceTree = "<group>"; };
		FAB5B5A325E87DAF00D9C886 /* Base */ = {isa = PBXFileReference; lastKnownFileType = file.storyboard; name = Base; path = Base.lproj/Main.storyboard; sourceTree = "<group>"; };
		FAB5B5A525E87DB300D9C886 /* Assets.xcassets */ = {isa = PBXFileReference; lastKnownFileType = folder.assetcatalog; path = Assets.xcassets; sourceTree = "<group>"; };
		FAB5B5A825E87DB300D9C886 /* Base */ = {isa = PBXFileReference; lastKnownFileType = file.storyboard; name = Base; path = Base.lproj/LaunchScreen.storyboard; sourceTree = "<group>"; };
		FAB5B5AA25E87DB300D9C886 /* Info.plist */ = {isa = PBXFileReference; lastKnownFileType = text.plist.xml; path = Info.plist; sourceTree = "<group>"; };
		FAB5B5B125E895B600D9C886 /* Capital.swift */ = {isa = PBXFileReference; lastKnownFileType = sourcecode.swift; path = Capital.swift; sourceTree = "<group>"; };
/* End PBXFileReference section */

/* Begin PBXFrameworksBuildPhase section */
		FAB5B59625E87DAF00D9C886 /* Frameworks */ = {
			isa = PBXFrameworksBuildPhase;
			buildActionMask = 2147483647;
			files = (
			);
			runOnlyForDeploymentPostprocessing = 0;
		};
/* End PBXFrameworksBuildPhase section */

/* Begin PBXGroup section */
		FAB5B59025E87DAF00D9C886 = {
			isa = PBXGroup;
			children = (
				FAB5B59B25E87DAF00D9C886 /* Project 16 */,
				FAB5B59A25E87DAF00D9C886 /* Products */,
			);
			sourceTree = "<group>";
		};
		FAB5B59A25E87DAF00D9C886 /* Products */ = {
			isa = PBXGroup;
			children = (
				FAB5B59925E87DAF00D9C886 /* Project 16.app */,
			);
			name = Products;
			sourceTree = "<group>";
		};
		FAB5B59B25E87DAF00D9C886 /* Project 16 */ = {
			isa = PBXGroup;
			children = (
				FAB5B59C25E87DAF00D9C886 /* AppDelegate.swift */,
				FAB5B59E25E87DAF00D9C886 /* SceneDelegate.swift */,
				FAB5B5A025E87DAF00D9C886 /* ViewController.swift */,
				FAB5B5B125E895B600D9C886 /* Capital.swift */,
				FAB5B5A225E87DAF00D9C886 /* Main.storyboard */,
				FAB5B5A525E87DB300D9C886 /* Assets.xcassets */,
				FAB5B5A725E87DB300D9C886 /* LaunchScreen.storyboard */,
				FAB5B5AA25E87DB300D9C886 /* Info.plist */,
			);
			path = "Project 16";
			sourceTree = "<group>";
		};
/* End PBXGroup section */

/* Begin PBXNativeTarget section */
		FAB5B59825E87DAF00D9C886 /* Project 16 */ = {
			isa = PBXNativeTarget;
			buildConfigurationList = FAB5B5AD25E87DB300D9C886 /* Build configuration list for PBXNativeTarget "Project 16" */;
			buildPhases = (
				FAB5B59525E87DAF00D9C886 /* Sources */,
				FAB5B59625E87DAF00D9C886 /* Frameworks */,
				FAB5B59725E87DAF00D9C886 /* Resources */,
			);
			buildRules = (
			);
			dependencies = (
			);
			name = "Project 16";
			productName = "Project 16";
			productReference = FAB5B59925E87DAF00D9C886 /* Project 16.app */;
			productType = "com.apple.product-type.application";
		};
/* End PBXNativeTarget section */

/* Begin PBXProject section */
		FAB5B59125E87DAF00D9C886 /* Project object */ = {
			isa = PBXProject;
			attributes = {
				LastSwiftUpdateCheck = 1240;
				LastUpgradeCheck = 1240;
				TargetAttributes = {
					FAB5B59825E87DAF00D9C886 = {
						CreatedOnToolsVersion = 12.4;
					};
				};
			};
			buildConfigurationList = FAB5B59425E87DAF00D9C886 /* Build configuration list for PBXProject "Project 16" */;
			compatibilityVersion = "Xcode 9.3";
			developmentRegion = en;
			hasScannedForEncodings = 0;
			knownRegions = (
				en,
				Base,
			);
			mainGroup = FAB5B59025E87DAF00D9C886;
			productRefGroup = FAB5B59A25E87DAF00D9C886 /* Products */;
			projectDirPath = "";
			projectRoot = "";
			targets = (
				FAB5B59825E87DAF00D9C886 /* Project 16 */,
			);
		};
/* End PBXProject section */

/* Begin PBXResourcesBuildPhase section */
		FAB5B59725E87DAF00D9C886 /* Resources */ = {
			isa = PBXResourcesBuildPhase;
			buildActionMask = 2147483647;
			files = (
				FAB5B5A925E87DB300D9C886 /* LaunchScreen.storyboard in Resources */,
				FAB5B5A625E87DB300D9C886 /* Assets.xcassets in Resources */,
				FAB5B5A425E87DAF00D9C886 /* Main.storyboard in Resources */,
			);
			runOnlyForDeploymentPostprocessing = 0;
		};
/* End PBXResourcesBuildPhase section */

/* Begin PBXSourcesBuildPhase section */
		FAB5B59525E87DAF00D9C886 /* Sources */ = {
			isa = PBXSourcesBuildPhase;
			buildActionMask = 2147483647;
			files = (
				FAB5B5A125E87DAF00D9C886 /* ViewController.swift in Sources */,
				FAB5B59D25E87DAF00D9C886 /* AppDelegate.swift in Sources */,
				FAB5B5B225E895B600D9C886 /* Capital.swift in Sources */,
				FAB5B59F25E87DAF00D9C886 /* SceneDelegate.swift in Sources */,
			);
			runOnlyForDeploymentPostprocessing = 0;
		};
/* End PBXSourcesBuildPhase section */

/* Begin PBXVariantGroup section */
		FAB5B5A225E87DAF00D9C886 /* Main.storyboard */ = {
			isa = PBXVariantGroup;
			children = (
				FAB5B5A325E87DAF00D9C886 /* Base */,
			);
			name = Main.storyboard;
			sourceTree = "<group>";
		};
		FAB5B5A725E87DB300D9C886 /* LaunchScreen.storyboard */ = {
			isa = PBXVariantGroup;
			children = (
				FAB5B5A825E87DB300D9C886 /* Base */,
			);
			name = LaunchScreen.storyboard;
			sourceTree = "<group>";
		};
/* End PBXVariantGroup section */

/* Begin XCBuildConfiguration section */
		FAB5B5AB25E87DB300D9C886 /* Debug */ = {
			isa = XCBuildConfiguration;
			buildSettings = {
				ALWAYS_SEARCH_USER_PATHS = NO;
				CLANG_ANALYZER_NONNULL = YES;
				CLANG_ANALYZER_NUMBER_OBJECT_CONVERSION = YES_AGGRESSIVE;
				CLANG_CXX_LANGUAGE_STANDARD = "gnu++14";
				CLANG_CXX_LIBRARY = "libc++";
				CLANG_ENABLE_MODULES = YES;
				CLANG_ENABLE_OBJC_ARC = YES;
				CLANG_ENABLE_OBJC_WEAK = YES;
				CLANG_WARN_BLOCK_CAPTURE_AUTORELEASING = YES;
				CLANG_WARN_BOOL_CONVERSION = YES;
				CLANG_WARN_COMMA = YES;
				CLANG_WARN_CONSTANT_CONVERSION = YES;
				CLANG_WARN_DEPRECATED_OBJC_IMPLEMENTATIONS = YES;
				CLANG_WARN_DIRECT_OBJC_ISA_USAGE = YES_ERROR;
				CLANG_WARN_DOCUMENTATION_COMMENTS = YES;
				CLANG_WARN_EMPTY_BODY = YES;
				CLANG_WARN_ENUM_CONVERSION = YES;
				CLANG_WARN_INFINITE_RECURSION = YES;
				CLANG_WARN_INT_CONVERSION = YES;
				CLANG_WARN_NON_LITERAL_NULL_CONVERSION = YES;
				CLANG_WARN_OBJC_IMPLICIT_RETAIN_SELF = YES;
				CLANG_WARN_OBJC_LITERAL_CONVERSION = YES;
				CLANG_WARN_OBJC_ROOT_CLASS = YES_ERROR;
				CLANG_WARN_QUOTED_INCLUDE_IN_FRAMEWORK_HEADER = YES;
				CLANG_WARN_RANGE_LOOP_ANALYSIS = YES;
				CLANG_WARN_STRICT_PROTOTYPES = YES;
				CLANG_WARN_SUSPICIOUS_MOVE = YES;
				CLANG_WARN_UNGUARDED_AVAILABILITY = YES_AGGRESSIVE;
				CLANG_WARN_UNREACHABLE_CODE = YES;
				CLANG_WARN__DUPLICATE_METHOD_MATCH = YES;
				COPY_PHASE_STRIP = NO;
				DEBUG_INFORMATION_FORMAT = dwarf;
				ENABLE_STRICT_OBJC_MSGSEND = YES;
				ENABLE_TESTABILITY = YES;
				GCC_C_LANGUAGE_STANDARD = gnu11;
				GCC_DYNAMIC_NO_PIC = NO;
				GCC_NO_COMMON_BLOCKS = YES;
				GCC_OPTIMIZATION_LEVEL = 0;
				GCC_PREPROCESSOR_DEFINITIONS = (
					"DEBUG=1",
					"$(inherited)",
				);
				GCC_WARN_64_TO_32_BIT_CONVERSION = YES;
				GCC_WARN_ABOUT_RETURN_TYPE = YES_ERROR;
				GCC_WARN_UNDECLARED_SELECTOR = YES;
				GCC_WARN_UNINITIALIZED_AUTOS = YES_AGGRESSIVE;
				GCC_WARN_UNUSED_FUNCTION = YES;
				GCC_WARN_UNUSED_VARIABLE = YES;
				IPHONEOS_DEPLOYMENT_TARGET = 14.4;
				MTL_ENABLE_DEBUG_INFO = INCLUDE_SOURCE;
				MTL_FAST_MATH = YES;
				ONLY_ACTIVE_ARCH = YES;
				SDKROOT = iphoneos;
				SWIFT_ACTIVE_COMPILATION_CONDITIONS = DEBUG;
				SWIFT_OPTIMIZATION_LEVEL = "-Onone";
			};
			name = Debug;
		};
		FAB5B5AC25E87DB300D9C886 /* Release */ = {
			isa = XCBuildConfiguration;
			buildSettings = {
				ALWAYS_SEARCH_USER_PATHS = NO;
				CLANG_ANALYZER_NONNULL = YES;
				CLANG_ANALYZER_NUMBER_OBJECT_CONVERSION = YES_AGGRESSIVE;
				CLANG_CXX_LANGUAGE_STANDARD = "gnu++14";
				CLANG_CXX_LIBRARY = "libc++";
				CLANG_ENABLE_MODULES = YES;
				CLANG_ENABLE_OBJC_ARC = YES;
				CLANG_ENABLE_OBJC_WEAK = YES;
				CLANG_WARN_BLOCK_CAPTURE_AUTORELEASING = YES;
				CLANG_WARN_BOOL_CONVERSION = YES;
				CLANG_WARN_COMMA = YES;
				CLANG_WARN_CONSTANT_CONVERSION = YES;
				CLANG_WARN_DEPRECATED_OBJC_IMPLEMENTATIONS = YES;
				CLANG_WARN_DIRECT_OBJC_ISA_USAGE = YES_ERROR;
				CLANG_WARN_DOCUMENTATION_COMMENTS = YES;
				CLANG_WARN_EMPTY_BODY = YES;
				CLANG_WARN_ENUM_CONVERSION = YES;
				CLANG_WARN_INFINITE_RECURSION = YES;
				CLANG_WARN_INT_CONVERSION = YES;
				CLANG_WARN_NON_LITERAL_NULL_CONVERSION = YES;
				CLANG_WARN_OBJC_IMPLICIT_RETAIN_SELF = YES;
				CLANG_WARN_OBJC_LITERAL_CONVERSION = YES;
				CLANG_WARN_OBJC_ROOT_CLASS = YES_ERROR;
				CLANG_WARN_QUOTED_INCLUDE_IN_FRAMEWORK_HEADER = YES;
				CLANG_WARN_RANGE_LOOP_ANALYSIS = YES;
				CLANG_WARN_STRICT_PROTOTYPES = YES;
				CLANG_WARN_SUSPICIOUS_MOVE = YES;
				CLANG_WARN_UNGUARDED_AVAILABILITY = YES_AGGRESSIVE;
				CLANG_WARN_UNREACHABLE_CODE = YES;
				CLANG_WARN__DUPLICATE_METHOD_MATCH = YES;
				COPY_PHASE_STRIP = NO;
				DEBUG_INFORMATION_FORMAT = "dwarf-with-dsym";
				ENABLE_NS_ASSERTIONS = NO;
				ENABLE_STRICT_OBJC_MSGSEND = YES;
				GCC_C_LANGUAGE_STANDARD = gnu11;
				GCC_NO_COMMON_BLOCKS = YES;
				GCC_WARN_64_TO_32_BIT_CONVERSION = YES;
				GCC_WARN_ABOUT_RETURN_TYPE = YES_ERROR;
				GCC_WARN_UNDECLARED_SELECTOR = YES;
				GCC_WARN_UNINITIALIZED_AUTOS = YES_AGGRESSIVE;
				GCC_WARN_UNUSED_FUNCTION = YES;
				GCC_WARN_UNUSED_VARIABLE = YES;
				IPHONEOS_DEPLOYMENT_TARGET = 14.4;
				MTL_ENABLE_DEBUG_INFO = NO;
				MTL_FAST_MATH = YES;
				SDKROOT = iphoneos;
				SWIFT_COMPILATION_MODE = wholemodule;
				SWIFT_OPTIMIZATION_LEVEL = "-O";
				VALIDATE_PRODUCT = YES;
			};
			name = Release;
		};
		FAB5B5AE25E87DB300D9C886 /* Debug */ = {
			isa = XCBuildConfiguration;
			buildSettings = {
				ASSETCATALOG_COMPILER_APPICON_NAME = AppIcon;
				ASSETCATALOG_COMPILER_GLOBAL_ACCENT_COLOR_NAME = AccentColor;
				CODE_SIGN_STYLE = Automatic;
				DEVELOPMENT_TEAM = R8V696537A;
				INFOPLIST_FILE = "Project 16/Info.plist";
				LD_RUNPATH_SEARCH_PATHS = (
					"$(inherited)",
					"@executable_path/Frameworks",
				);
				PRODUCT_BUNDLE_IDENTIFIER = "com.AlexThompson.Project-16";
				PRODUCT_NAME = "$(TARGET_NAME)";
				SWIFT_VERSION = 5.0;
				TARGETED_DEVICE_FAMILY = "1,2";
			};
			name = Debug;
		};
		FAB5B5AF25E87DB300D9C886 /* Release */ = {
			isa = XCBuildConfiguration;
			buildSettings = {
				ASSETCATALOG_COMPILER_APPICON_NAME = AppIcon;
				ASSETCATALOG_COMPILER_GLOBAL_ACCENT_COLOR_NAME = AccentColor;
				CODE_SIGN_STYLE = Automatic;
				DEVELOPMENT_TEAM = R8V696537A;
				INFOPLIST_FILE = "Project 16/Info.plist";
				LD_RUNPATH_SEARCH_PATHS = (
					"$(inherited)",
					"@executable_path/Frameworks",
				);
				PRODUCT_BUNDLE_IDENTIFIER = "com.AlexThompson.Project-16";
				PRODUCT_NAME = "$(TARGET_NAME)";
				SWIFT_VERSION = 5.0;
				TARGETED_DEVICE_FAMILY = "1,2";
			};
			name = Release;
		};
/* End XCBuildConfiguration section */

/* Begin XCConfigurationList section */
		FAB5B59425E87DAF00D9C886 /* Build configuration list for PBXProject "Project 16" */ = {
			isa = XCConfigurationList;
			buildConfigurations = (
				FAB5B5AB25E87DB300D9C886 /* Debug */,
				FAB5B5AC25E87DB300D9C886 /* Release */,
			);
			defaultConfigurationIsVisible = 0;
			defaultConfigurationName = Release;
		};
		FAB5B5AD25E87DB300D9C886 /* Build configuration list for PBXNativeTarget "Project 16" */ = {
			isa = XCConfigurationList;
			buildConfigurations = (
				FAB5B5AE25E87DB300D9C886 /* Debug */,
				FAB5B5AF25E87DB300D9C886 /* Release */,
			);
			defaultConfigurationIsVisible = 0;
			defaultConfigurationName = Release;
		};
/* End XCConfigurationList section */
	};
	rootObject = FAB5B59125E87DAF00D9C886 /* Project object */;
}
